
Microsoft Visual Studio Solution File, Format Version 12.00
# Visual Studio Version 16
VisualStudioVersion = 16.0.31424.327
MinimumVisualStudioVersion = 10.0.40219.1
Project("{FAE04EC0-301F-11D3-BF4B-00C04F79EFBC}") = "4-tier_web_api", "4-tier_web_api\4-tier_web_api.csproj", "{FCE38989-2CEA-42C7-9D18-C417374BA489}"
EndProject
Project("{FAE04EC0-301F-11D3-BF4B-00C04F79EFBC}") = "DAL", "DAL\DAL.csproj", "{DEADE6CE-4CD1-4DA9-8381-8F83AA651651}"
EndProject
Project("{FAE04EC0-301F-11D3-BF4B-00C04F79EFBC}") = "BLL", "BLL\BLL.csproj", "{189664EF-FEEB-422B-A45B-0DAD39F6B3FF}"
EndProject
Project("{FAE04EC0-301F-11D3-BF4B-00C04F79EFBC}") = "BEL", "BEL\BEL.csproj", "{0B2B7398-335D-4DE8-8476-AD1CF67EAF11}"
EndProject
Global
	GlobalSection(SolutionConfigurationPlatforms) = preSolution
		Debug|Any CPU = Debug|Any CPU
		Release|Any CPU = Release|Any CPU
	EndGlobalSection
	GlobalSection(ProjectConfigurationPlatforms) = postSolution
		{FCE38989-2CEA-42C7-9D18-C417374BA489}.Debug|Any CPU.ActiveCfg = Debug|Any CPU
		{FCE38989-2CEA-42C7-9D18-C417374BA489}.Debug|Any CPU.Build.0 = Debug|Any CPU
		{FCE38989-2CEA-42C7-9D18-C417374BA489}.Release|Any CPU.ActiveCfg = Release|Any CPU
		{FCE38989-2CEA-42C7-9D18-C417374BA489}.Release|Any CPU.Build.0 = Release|Any CPU
		{DEADE6CE-4CD1-4DA9-8381-8F83AA651651}.Debug|Any CPU.ActiveCfg = Debug|Any CPU
		{DEADE6CE-4CD1-4DA9-8381-8F83AA651651}.Debug|Any CPU.Build.0 = Debug|Any CPU
		{DEADE6CE-4CD1-4DA9-8381-8F83AA651651}.Release|Any CPU.ActiveCfg = Release|Any CPU
		{DEADE6CE-4CD1-4DA9-8381-8F83AA651651}.Release|Any CPU.Build.0 = Release|Any CPU
		{189664EF-FEEB-422B-A45B-0DAD39F6B3FF}.Debug|Any CPU.ActiveCfg = Debug|Any CPU
		{189664EF-FEEB-422B-A45B-0DAD39F6B3FF}.Debug|Any CPU.Build.0 = Debug|Any CPU
		{189664EF-FEEB-422B-A45B-0DAD39F6B3FF}.Release|Any CPU.ActiveCfg = Release|Any CPU
		{189664EF-FEEB-422B-A45B-0DAD39F6B3FF}.Release|Any CPU.Build.0 = Release|Any CPU
		{0B2B7398-335D-4DE8-8476-AD1CF67EAF11}.Debug|Any CPU.ActiveCfg = Debug|Any CPU
		{0B2B7398-335D-4DE8-8476-AD1CF67EAF11}.Debug|Any CPU.Build.0 = Debug|Any CPU
		{0B2B7398-335D-4DE8-8476-AD1CF67EAF11}.Release|Any CPU.ActiveCfg = Release|Any CPU
		{0B2B7398-335D-4DE8-8476-AD1CF67EAF11}.Release|Any CPU.Build.0 = Release|Any CPU
	EndGlobalSection
	GlobalSection(SolutionProperties) = preSolution
		HideSolutionNode = FALSE
	EndGlobalSection
	GlobalSection(ExtensibilityGlobals) = postSolution
		SolutionGuid = {61BB3B0E-8328-4DBF-9E59-4D531166CA41}
	EndGlobalSection
EndGlobal
